// !$*UTF8*$!
{
	archiveVersion = 1;
	classes = {
	};
	objectVersion = 46;
	objects = {

/* Begin PBXBuildFile section */
		CB9DF21215654BA9005EBA90 /* Cocoa.framework in Frameworks */ = {isa = PBXBuildFile; fileRef = CB9DF21115654BA9005EBA90 /* Cocoa.framework */; };
		CB9DF21C15654BA9005EBA90 /* InfoPlist.strings in Resources */ = {isa = PBXBuildFile; fileRef = CB9DF21A15654BA9005EBA90 /* InfoPlist.strings */; };
		CB9DF21E15654BA9005EBA90 /* main.m in Sources */ = {isa = PBXBuildFile; fileRef = CB9DF21D15654BA9005EBA90 /* main.m */; };
		CB9DF22215654BA9005EBA90 /* Credits.rtf in Resources */ = {isa = PBXBuildFile; fileRef = CB9DF22015654BA9005EBA90 /* Credits.rtf */; };
		CB9DF22515654BA9005EBA90 /* hickdevAppDelegate.m in Sources */ = {isa = PBXBuildFile; fileRef = CB9DF22415654BA9005EBA90 /* hickdevAppDelegate.m */; };
		CB9DF22815654BA9005EBA90 /* MainMenu.xib in Resources */ = {isa = PBXBuildFile; fileRef = CB9DF22615654BA9005EBA90 /* MainMenu.xib */; };
		CB9DF22F15654F9B005EBA90 /* gitignore.gitignore in Resources */ = {isa = PBXBuildFile; fileRef = CB9DF22E15654F9B005EBA90 /* gitignore.gitignore */; };
/* End PBXBuildFile section */

/* Begin PBXFileReference section */
		CB9DF20D15654BA9005EBA90 /* git-test.app */ = {isa = PBXFileReference; explicitFileType = wrapper.application; includeInIndex = 0; path = "git-test.app"; sourceTree = BUILT_PRODUCTS_DIR; };
		CB9DF21115654BA9005EBA90 /* Cocoa.framework */ = {isa = PBXFileReference; lastKnownFileType = wrapper.framework; name = Cocoa.framework; path = System/Library/Frameworks/Cocoa.framework; sourceTree = SDKROOT; };
		CB9DF21415654BA9005EBA90 /* AppKit.framework */ = {isa = PBXFileReference; lastKnownFileType = wrapper.framework; name = AppKit.framework; path = System/Library/Frameworks/AppKit.framework; sourceTree = SDKROOT; };
		CB9DF21515654BA9005EBA90 /* CoreData.framework */ = {isa = PBXFileReference; lastKnownFileType = wrapper.framework; name = CoreData.framework; path = System/Library/Frameworks/CoreData.framework; sourceTree = SDKROOT; };
		CB9DF21615654BA9005EBA90 /* Foundation.framework */ = {isa = PBXFileReference; lastKnownFileType = wrapper.framework; name = Foundation.framework; path = System/Library/Frameworks/Foundation.framework; sourceTree = SDKROOT; };
		CB9DF21915654BA9005EBA90 /* git-test-Info.plist */ = {isa = PBXFileReference; lastKnownFileType = text.plist.xml; path = "git-test-Info.plist"; sourceTree = "<group>"; };
		CB9DF21B15654BA9005EBA90 /* en */ = {isa = PBXFileReference; lastKnownFileType = text.plist.strings; name = en; path = en.lproj/InfoPlist.strings; sourceTree = "<group>"; };
		CB9DF21D15654BA9005EBA90 /* main.m */ = {isa = PBXFileReference; lastKnownFileType = sourcecode.c.objc; path = main.m; sourceTree = "<group>"; };
		CB9DF21F15654BA9005EBA90 /* git-test-Prefix.pch */ = {isa = PBXFileReference; lastKnownFileType = sourcecode.c.h; path = "git-test-Prefix.pch"; sourceTree = "<group>"; };
		CB9DF22115654BA9005EBA90 /* en */ = {isa = PBXFileReference; lastKnownFileType = text.rtf; name = en; path = en.lproj/Credits.rtf; sourceTree = "<group>"; };
		CB9DF22315654BA9005EBA90 /* hickdevAppDelegate.h */ = {isa = PBXFileReference; lastKnownFileType = sourcecode.c.h; path = hickdevAppDelegate.h; sourceTree = "<group>"; };
		CB9DF22415654BA9005EBA90 /* hickdevAppDelegate.m */ = {isa = PBXFileReference; lastKnownFileType = sourcecode.c.objc; path = hickdevAppDelegate.m; sourceTree = "<group>"; };
		CB9DF22715654BA9005EBA90 /* en */ = {isa = PBXFileReference; lastKnownFileType = file.xib; name = en; path = en.lproj/MainMenu.xib; sourceTree = "<group>"; };
		CB9DF22E15654F9B005EBA90 /* gitignore.gitignore */ = {isa = PBXFileReference; fileEncoding = 4; lastKnownFileType = text; name = gitignore.gitignore; path = ../../../../../Downloads/gitignore.gitignore; sourceTree = "<group>"; };
/* End PBXFileReference section */

/* Begin PBXFrameworksBuildPhase section */
		CB9DF20A15654BA9005EBA90 /* Frameworks */ = {
			isa = PBXFrameworksBuildPhase;
			buildActionMask = 2147483647;
			files = (
				CB9DF21215654BA9005EBA90 /* Cocoa.framework in Frameworks */,
			);
			runOnlyForDeploymentPostprocessing = 0;
		};
/* End PBXFrameworksBuildPhase section */

/* Begin PBXGroup section */
		CB9DF20215654BA8005EBA90 = {
			isa = PBXGroup;
			children = (
				CB9DF21715654BA9005EBA90 /* git-test */,
				CB9DF21015654BA9005EBA90 /* Frameworks */,
				CB9DF20E15654BA9005EBA90 /* Products */,
			);
			sourceTree = "<group>";
		};
		CB9DF20E15654BA9005EBA90 /* Products */ = {
			isa = PBXGroup;
			children = (
				CB9DF20D15654BA9005EBA90 /* git-test.app */,
			);
			name = Products;
			sourceTree = "<group>";
		};
		CB9DF21015654BA9005EBA90 /* Frameworks */ = {
			isa = PBXGroup;
			children = (
				CB9DF21115654BA9005EBA90 /* Cocoa.framework */,
				CB9DF21315654BA9005EBA90 /* Other Frameworks */,
			);
			name = Frameworks;
			sourceTree = "<group>";
		};
		CB9DF21315654BA9005EBA90 /* Other Frameworks */ = {
			isa = PBXGroup;
			children = (
				CB9DF21415654BA9005EBA90 /* AppKit.framework */,
				CB9DF21515654BA9005EBA90 /* CoreData.framework */,
				CB9DF21615654BA9005EBA90 /* Foundation.framework */,
			);
			name = "Other Frameworks";
			sourceTree = "<group>";
		};
		CB9DF21715654BA9005EBA90 /* git-test */ = {
			isa = PBXGroup;
			children = (
				CB9DF22315654BA9005EBA90 /* hickdevAppDelegate.h */,
				CB9DF22415654BA9005EBA90 /* hickdevAppDelegate.m */,
				CB9DF22615654BA9005EBA90 /* MainMenu.xib */,
				CB9DF22E15654F9B005EBA90 /* gitignore.gitignore */,
				CB9DF21815654BA9005EBA90 /* Supporting Files */,
			);
			path = "git-test";
			sourceTree = "<group>";
		};
		CB9DF21815654BA9005EBA90 /* Supporting Files */ = {
			isa = PBXGroup;
			children = (
				CB9DF21915654BA9005EBA90 /* git-test-Info.plist */,
				CB9DF21A15654BA9005EBA90 /* InfoPlist.strings */,
				CB9DF21D15654BA9005EBA90 /* main.m */,
				CB9DF21F15654BA9005EBA90 /* git-test-Prefix.pch */,
				CB9DF22015654BA9005EBA90 /* Credits.rtf */,
			);
			name = "Supporting Files";
			sourceTree = "<group>";
		};
/* End PBXGroup section */

/* Begin PBXNativeTarget section */
		CB9DF20C15654BA9005EBA90 /* git-test */ = {
			isa = PBXNativeTarget;
			buildConfigurationList = CB9DF22B15654BA9005EBA90 /* Build configuration list for PBXNativeTarget "git-test" */;
			buildPhases = (
				CB9DF20915654BA9005EBA90 /* Sources */,
				CB9DF20A15654BA9005EBA90 /* Frameworks */,
				CB9DF20B15654BA9005EBA90 /* Resources */,
			);
			buildRules = (
			);
			dependencies = (
			);
			name = "git-test";
			productName = "git-test";
			productReference = CB9DF20D15654BA9005EBA90 /* git-test.app */;
			productType = "com.apple.product-type.application";
		};
/* End PBXNativeTarget section */

/* Begin PBXProject section */
		CB9DF20415654BA8005EBA90 /* Project object */ = {
			isa = PBXProject;
			attributes = {
				CLASSPREFIX = hickdev;
				LastUpgradeCheck = 0430;
				ORGANIZATIONNAME = CHAT;
			};
			buildConfigurationList = CB9DF20715654BA8005EBA90 /* Build configuration list for PBXProject "git-test" */;
			compatibilityVersion = "Xcode 3.2";
			developmentRegion = English;
			hasScannedForEncodings = 0;
			knownRegions = (
				en,
			);
			mainGroup = CB9DF20215654BA8005EBA90;
			productRefGroup = CB9DF20E15654BA9005EBA90 /* Products */;
			projectDirPath = "";
			projectRoot = "";
			targets = (
				CB9DF20C15654BA9005EBA90 /* git-test */,
			);
		};
/* End PBXProject section */

/* Begin PBXResourcesBuildPhase section */
		CB9DF20B15654BA9005EBA90 /* Resources */ = {
			isa = PBXResourcesBuildPhase;
			buildActionMask = 2147483647;
			files = (
				CB9DF21C15654BA9005EBA90 /* InfoPlist.strings in Resources */,
				CB9DF22215654BA9005EBA90 /* Credits.rtf in Resources */,
				CB9DF22815654BA9005EBA90 /* MainMenu.xib in Resources */,
				CB9DF22F15654F9B005EBA90 /* gitignore.gitignore in Resources */,
			);
			runOnlyForDeploymentPostprocessing = 0;
		};
/* End PBXResourcesBuildPhase section */

/* Begin PBXSourcesBuildPhase section */
		CB9DF20915654BA9005EBA90 /* Sources */ = {
			isa = PBXSourcesBuildPhase;
			buildActionMask = 2147483647;
			files = (
				CB9DF21E15654BA9005EBA90 /* main.m in Sources */,
				CB9DF22515654BA9005EBA90 /* hickdevAppDelegate.m in Sources */,
			);
			runOnlyForDeploymentPostprocessing = 0;
		};
/* End PBXSourcesBuildPhase section */

/* Begin PBXVariantGroup section */
		CB9DF21A15654BA9005EBA90 /* InfoPlist.strings */ = {
			isa = PBXVariantGroup;
			children = (
				CB9DF21B15654BA9005EBA90 /* en */,
			);
			name = InfoPlist.strings;
			sourceTree = "<group>";
		};
		CB9DF22015654BA9005EBA90 /* Credits.rtf */ = {
			isa = PBXVariantGroup;
			children = (
				CB9DF22115654BA9005EBA90 /* en */,
			);
			name = Credits.rtf;
			sourceTree = "<group>";
		};
		CB9DF22615654BA9005EBA90 /* MainMenu.xib */ = {
			isa = PBXVariantGroup;
			children = (
				CB9DF22715654BA9005EBA90 /* en */,
			);
			name = MainMenu.xib;
			sourceTree = "<group>";
		};
/* End PBXVariantGroup section */

/* Begin XCBuildConfiguration section */
		CB9DF22915654BA9005EBA90 /* Debug */ = {
			isa = XCBuildConfiguration;
			buildSettings = {
				ALWAYS_SEARCH_USER_PATHS = NO;
				ARCHS = "$(ARCHS_STANDARD_64_BIT)";
				COPY_PHASE_STRIP = NO;
				GCC_C_LANGUAGE_STANDARD = gnu99;
				GCC_DYNAMIC_NO_PIC = NO;
				GCC_ENABLE_OBJC_EXCEPTIONS = YES;
				GCC_OPTIMIZATION_LEVEL = 0;
				GCC_PREPROCESSOR_DEFINITIONS = (
					"DEBUG=1",
					"$(inherited)",
				);
				GCC_SYMBOLS_PRIVATE_EXTERN = NO;
				GCC_VERSION = com.apple.compilers.llvm.clang.1_0;
				GCC_WARN_64_TO_32_BIT_CONVERSION = YES;
				GCC_WARN_ABOUT_RETURN_TYPE = YES;
				GCC_WARN_UNINITIALIZED_AUTOS = YES;
				GCC_WARN_UNUSED_VARIABLE = YES;
				MACOSX_DEPLOYMENT_TARGET = 10.7;
				ONLY_ACTIVE_ARCH = YES;
				SDKROOT = macosx;
			};
			name = Debug;
		};
		CB9DF22A15654BA9005EBA90 /* Release */ = {
			isa = XCBuildConfiguration;
			buildSettings = {
				ALWAYS_SEARCH_USER_PATHS = NO;
				ARCHS = "$(ARCHS_STANDARD_64_BIT)";
				COPY_PHASE_STRIP = YES;
				DEBUG_INFORMATION_FORMAT = "dwarf-with-dsym";
				GCC_C_LANGUAGE_STANDARD = gnu99;
				GCC_ENABLE_OBJC_EXCEPTIONS = YES;
				GCC_VERSION = com.apple.compilers.llvm.clang.1_0;
				GCC_WARN_64_TO_32_BIT_CONVERSION = YES;
				GCC_WARN_ABOUT_RETURN_TYPE = YES;
				GCC_WARN_UNINITIALIZED_AUTOS = YES;
				GCC_WARN_UNUSED_VARIABLE = YES;
				MACOSX_DEPLOYMENT_TARGET = 10.7;
				SDKROOT = macosx;
			};
			name = Release;
		};
		CB9DF22C15654BA9005EBA90 /* Debug */ = {
			isa = XCBuildConfiguration;
			buildSettings = {
				GCC_PRECOMPILE_PREFIX_HEADER = YES;
				GCC_PREFIX_HEADER = "git-test/git-test-Prefix.pch";
				INFOPLIST_FILE = "git-test/git-test-Info.plist";
				PRODUCT_NAME = "$(TARGET_NAME)";
				WRAPPER_EXTENSION = app;
			};
			name = Debug;
		};
		CB9DF22D15654BA9005EBA90 /* Release */ = {
			isa = XCBuildConfiguration;
			buildSettings = {
				GCC_PRECOMPILE_PREFIX_HEADER = YES;
				GCC_PREFIX_HEADER = "git-test/git-test-Prefix.pch";
				INFOPLIST_FILE = "git-test/git-test-Info.plist";
				PRODUCT_NAME = "$(TARGET_NAME)";
				WRAPPER_EXTENSION = app;
			};
			name = Release;
		};
/* End XCBuildConfiguration section */

/* Begin XCConfigurationList section */
		CB9DF20715654BA8005EBA90 /* Build configuration list for PBXProject "git-test" */ = {
			isa = XCConfigurationList;
			buildConfigurations = (
				CB9DF22915654BA9005EBA90 /* Debug */,
				CB9DF22A15654BA9005EBA90 /* Release */,
			);
			defaultConfigurationIsVisible = 0;
			defaultConfigurationName = Release;
		};
		CB9DF22B15654BA9005EBA90 /* Build configuration list for PBXNativeTarget "git-test" */ = {
			isa = XCConfigurationList;
			buildConfigurations = (
				CB9DF22C15654BA9005EBA90 /* Debug */,
				CB9DF22D15654BA9005EBA90 /* Release */,
			);
			defaultConfigurationIsVisible = 0;
		};
/* End XCConfigurationList section */
	};
	rootObject = CB9DF20415654BA8005EBA90 /* Project object */;
}
